
Microsoft Visual Studio Solution File, Format Version 12.00
# Visual Studio Version 16
VisualStudioVersion = 16.0.30907.101
MinimumVisualStudioVersion = 10.0.40219.1
Project("{FAE04EC0-301F-11D3-BF4B-00C04F79EFBC}") = "JsonPalikka", "JsonPalikka.csproj", "{2772A46F-B459-4D83-A06E-A196C5043340}"
EndProject
Global
	GlobalSection(SolutionConfigurationPlatforms) = preSolution
		Debug|Any CPU = Debug|Any CPU
		Release|Any CPU = Release|Any CPU
	EndGlobalSection
	GlobalSection(ProjectConfigurationPlatforms) = postSolution
		{2772A46F-B459-4D83-A06E-A196C5043340}.Debug|Any CPU.ActiveCfg = Debug|Any CPU
		{2772A46F-B459-4D83-A06E-A196C5043340}.Debug|Any CPU.Build.0 = Debug|Any CPU
		{2772A46F-B459-4D83-A06E-A196C5043340}.Release|Any CPU.ActiveCfg = Release|Any CPU
		{2772A46F-B459-4D83-A06E-A196C5043340}.Release|Any CPU.Build.0 = Release|Any CPU
	EndGlobalSection
	GlobalSection(SolutionProperties) = preSolution
		HideSolutionNode = FALSE
	EndGlobalSection
	GlobalSection(ExtensibilityGlobals) = postSolution
		SolutionGuid = {B19FF7E4-82FC-44A0-B79D-23256F9EADE1}
	EndGlobalSection
EndGlobal
